// !$*UTF8*$!
{
	archiveVersion = 1;
	classes = {
	};
	objectVersion = 56;
	objects = {

/* Begin PBXBuildFile section */
		6504C7C72C072C7D0047AED4 /* Launch.storyboard in Resources */ = {isa = PBXBuildFile; fileRef = 6504C7C62C072C7D0047AED4 /* Launch.storyboard */; };
		653EBAA42C0A52C30034A81A /* CocktailsBuddyUITests.swift in Sources */ = {isa = PBXBuildFile; fileRef = 653EBAA32C0A52C30034A81A /* CocktailsBuddyUITests.swift */; };
		653EBAA62C0A52C30034A81A /* CocktailsBuddyUITestsLaunchTests.swift in Sources */ = {isa = PBXBuildFile; fileRef = 653EBAA52C0A52C30034A81A /* CocktailsBuddyUITestsLaunchTests.swift */; };
		657A42322BFCD55D00020DCD /* Assets.xcassets in Resources */ = {isa = PBXBuildFile; fileRef = 657A42312BFCD55D00020DCD /* Assets.xcassets */; };
		657A42352BFCD55D00020DCD /* Preview Assets.xcassets in Resources */ = {isa = PBXBuildFile; fileRef = 657A42342BFCD55D00020DCD /* Preview Assets.xcassets */; };
		65AA51C32BFCFFF20097F697 /* Cocktails in Frameworks */ = {isa = PBXBuildFile; productRef = 65AA51C22BFCFFF20097F697 /* Cocktails */; };
		65AA51C52BFCFFF20097F697 /* Core in Frameworks */ = {isa = PBXBuildFile; productRef = 65AA51C42BFCFFF20097F697 /* Core */; };
		65AA51C72BFCFFF20097F697 /* CoreUI in Frameworks */ = {isa = PBXBuildFile; productRef = 65AA51C62BFCFFF20097F697 /* CoreUI */; };
		65AA51C92BFCFFF20097F697 /* Networking in Frameworks */ = {isa = PBXBuildFile; productRef = 65AA51C82BFCFFF20097F697 /* Networking */; };
		65B6C50B2C08EA9600BA4794 /* AppDelegate.swift in Sources */ = {isa = PBXBuildFile; fileRef = 65B6C50A2C08EA9600BA4794 /* AppDelegate.swift */; };
		65B6C50D2C08EA9C00BA4794 /* SceneDelegate.swift in Sources */ = {isa = PBXBuildFile; fileRef = 65B6C50C2C08EA9C00BA4794 /* SceneDelegate.swift */; };
		65B6C50F2C08EBB000BA4794 /* MainCoordinator.swift in Sources */ = {isa = PBXBuildFile; fileRef = 65B6C50E2C08EBB000BA4794 /* MainCoordinator.swift */; };
		65B919582BFFDD940065BC9D /* Kingfisher in Frameworks */ = {isa = PBXBuildFile; productRef = 65B919572BFFDD940065BC9D /* Kingfisher */; };
		65CD83BF2C05455300E18F29 /* RealmSwift in Frameworks */ = {isa = PBXBuildFile; productRef = 65CD83BE2C05455300E18F29 /* RealmSwift */; };
		65F2BD6F2C00A2D2000CEF22 /* Dependencies in Frameworks */ = {isa = PBXBuildFile; productRef = 65F2BD6E2C00A2D2000CEF22 /* Dependencies */; };
		65F2BD712C00A2D2000CEF22 /* DependenciesMacros in Frameworks */ = {isa = PBXBuildFile; productRef = 65F2BD702C00A2D2000CEF22 /* DependenciesMacros */; };
/* End PBXBuildFile section */

/* Begin PBXContainerItemProxy section */
		653EBAA72C0A52C30034A81A /* PBXContainerItemProxy */ = {
			isa = PBXContainerItemProxy;
			containerPortal = 657A42222BFCD55C00020DCD /* Project object */;
			proxyType = 1;
			remoteGlobalIDString = 657A42292BFCD55C00020DCD;
			remoteInfo = CocktailsBuddy;
		};
/* End PBXContainerItemProxy section */

/* Begin PBXFileReference section */
		6504C7C52C0720250047AED4 /* Info.plist */ = {isa = PBXFileReference; lastKnownFileType = text.plist; path = Info.plist; sourceTree = "<group>"; };
		6504C7C62C072C7D0047AED4 /* Launch.storyboard */ = {isa = PBXFileReference; fileEncoding = 4; lastKnownFileType = file.storyboard; path = Launch.storyboard; sourceTree = "<group>"; };
		653EBAA12C0A52C30034A81A /* CocktailsBuddyUITests.xctest */ = {isa = PBXFileReference; explicitFileType = wrapper.cfbundle; includeInIndex = 0; path = CocktailsBuddyUITests.xctest; sourceTree = BUILT_PRODUCTS_DIR; };
		653EBAA32C0A52C30034A81A /* CocktailsBuddyUITests.swift */ = {isa = PBXFileReference; lastKnownFileType = sourcecode.swift; path = CocktailsBuddyUITests.swift; sourceTree = "<group>"; };
		653EBAA52C0A52C30034A81A /* CocktailsBuddyUITestsLaunchTests.swift */ = {isa = PBXFileReference; lastKnownFileType = sourcecode.swift; path = CocktailsBuddyUITestsLaunchTests.swift; sourceTree = "<group>"; };
		657A422A2BFCD55C00020DCD /* CocktailsBuddy.app */ = {isa = PBXFileReference; explicitFileType = wrapper.application; includeInIndex = 0; path = CocktailsBuddy.app; sourceTree = BUILT_PRODUCTS_DIR; };
		657A42312BFCD55D00020DCD /* Assets.xcassets */ = {isa = PBXFileReference; lastKnownFileType = folder.assetcatalog; path = Assets.xcassets; sourceTree = "<group>"; };
		657A42342BFCD55D00020DCD /* Preview Assets.xcassets */ = {isa = PBXFileReference; lastKnownFileType = folder.assetcatalog; path = "Preview Assets.xcassets"; sourceTree = "<group>"; };
		65AA51BD2BFCFB2C0097F697 /* CoreUI */ = {isa = PBXFileReference; lastKnownFileType = wrapper; path = CoreUI; sourceTree = "<group>"; };
		65AA51BE2BFCFB3F0097F697 /* Core */ = {isa = PBXFileReference; lastKnownFileType = wrapper; path = Core; sourceTree = "<group>"; };
		65AA51BF2BFCFB580097F697 /* Networking */ = {isa = PBXFileReference; lastKnownFileType = wrapper; path = Networking; sourceTree = "<group>"; };
		65AA51C02BFCFFC60097F697 /* Cocktails */ = {isa = PBXFileReference; lastKnownFileType = wrapper; path = Cocktails; sourceTree = "<group>"; };
		65B6C50A2C08EA9600BA4794 /* AppDelegate.swift */ = {isa = PBXFileReference; lastKnownFileType = sourcecode.swift; path = AppDelegate.swift; sourceTree = "<group>"; };
		65B6C50C2C08EA9C00BA4794 /* SceneDelegate.swift */ = {isa = PBXFileReference; lastKnownFileType = sourcecode.swift; path = SceneDelegate.swift; sourceTree = "<group>"; };
		65B6C50E2C08EBB000BA4794 /* MainCoordinator.swift */ = {isa = PBXFileReference; lastKnownFileType = sourcecode.swift; path = MainCoordinator.swift; sourceTree = "<group>"; };
/* End PBXFileReference section */

/* Begin PBXFrameworksBuildPhase section */
		653EBA9E2C0A52C30034A81A /* Frameworks */ = {
			isa = PBXFrameworksBuildPhase;
			buildActionMask = 2147483647;
			files = (
			);
			runOnlyForDeploymentPostprocessing = 0;
		};
		657A42272BFCD55C00020DCD /* Frameworks */ = {
			isa = PBXFrameworksBuildPhase;
			buildActionMask = 2147483647;
			files = (
				65CD83BF2C05455300E18F29 /* RealmSwift in Frameworks */,
				65AA51C32BFCFFF20097F697 /* Cocktails in Frameworks */,
				65AA51C52BFCFFF20097F697 /* Core in Frameworks */,
				65AA51C92BFCFFF20097F697 /* Networking in Frameworks */,
				65F2BD6F2C00A2D2000CEF22 /* Dependencies in Frameworks */,
				65F2BD712C00A2D2000CEF22 /* DependenciesMacros in Frameworks */,
				65AA51C72BFCFFF20097F697 /* CoreUI in Frameworks */,
				65B919582BFFDD940065BC9D /* Kingfisher in Frameworks */,
			);
			runOnlyForDeploymentPostprocessing = 0;
		};
/* End PBXFrameworksBuildPhase section */

/* Begin PBXGroup section */
		653EBAA22C0A52C30034A81A /* CocktailsBuddyUITests */ = {
			isa = PBXGroup;
			children = (
				653EBAA32C0A52C30034A81A /* CocktailsBuddyUITests.swift */,
				653EBAA52C0A52C30034A81A /* CocktailsBuddyUITestsLaunchTests.swift */,
			);
			path = CocktailsBuddyUITests;
			sourceTree = "<group>";
		};
		657A42212BFCD55C00020DCD = {
			isa = PBXGroup;
			children = (
				65AA51C02BFCFFC60097F697 /* Cocktails */,
				65AA51BF2BFCFB580097F697 /* Networking */,
				65AA51BE2BFCFB3F0097F697 /* Core */,
				65AA51BD2BFCFB2C0097F697 /* CoreUI */,
				657A422C2BFCD55C00020DCD /* CocktailsBuddy */,
				653EBAA22C0A52C30034A81A /* CocktailsBuddyUITests */,
				657A422B2BFCD55C00020DCD /* Products */,
				65AA51C12BFCFFF20097F697 /* Frameworks */,
			);
			sourceTree = "<group>";
		};
		657A422B2BFCD55C00020DCD /* Products */ = {
			isa = PBXGroup;
			children = (
				657A422A2BFCD55C00020DCD /* CocktailsBuddy.app */,
				653EBAA12C0A52C30034A81A /* CocktailsBuddyUITests.xctest */,
			);
			name = Products;
			sourceTree = "<group>";
		};
		657A422C2BFCD55C00020DCD /* CocktailsBuddy */ = {
			isa = PBXGroup;
			children = (
				6504C7C52C0720250047AED4 /* Info.plist */,
				6504C7C62C072C7D0047AED4 /* Launch.storyboard */,
				65B6C50A2C08EA9600BA4794 /* AppDelegate.swift */,
				65B6C50E2C08EBB000BA4794 /* MainCoordinator.swift */,
				65B6C50C2C08EA9C00BA4794 /* SceneDelegate.swift */,
				657A42312BFCD55D00020DCD /* Assets.xcassets */,
				657A42332BFCD55D00020DCD /* Preview Content */,
			);
			path = CocktailsBuddy;
			sourceTree = "<group>";
		};
		657A42332BFCD55D00020DCD /* Preview Content */ = {
			isa = PBXGroup;
			children = (
				657A42342BFCD55D00020DCD /* Preview Assets.xcassets */,
			);
			path = "Preview Content";
			sourceTree = "<group>";
		};
		65AA51C12BFCFFF20097F697 /* Frameworks */ = {
			isa = PBXGroup;
			children = (
			);
			name = Frameworks;
			sourceTree = "<group>";
		};
/* End PBXGroup section */

/* Begin PBXNativeTarget section */
		653EBAA02C0A52C30034A81A /* CocktailsBuddyUITests */ = {
			isa = PBXNativeTarget;
			buildConfigurationList = 653EBAAB2C0A52C30034A81A /* Build configuration list for PBXNativeTarget "CocktailsBuddyUITests" */;
			buildPhases = (
				653EBA9D2C0A52C30034A81A /* Sources */,
				653EBA9E2C0A52C30034A81A /* Frameworks */,
				653EBA9F2C0A52C30034A81A /* Resources */,
			);
			buildRules = (
			);
			dependencies = (
				653EBAA82C0A52C30034A81A /* PBXTargetDependency */,
			);
			name = CocktailsBuddyUITests;
			productName = CocktailsBuddyUITests;
			productReference = 653EBAA12C0A52C30034A81A /* CocktailsBuddyUITests.xctest */;
			productType = "com.apple.product-type.bundle.ui-testing";
		};
		657A42292BFCD55C00020DCD /* CocktailsBuddy */ = {
			isa = PBXNativeTarget;
			buildConfigurationList = 657A424E2BFCD55D00020DCD /* Build configuration list for PBXNativeTarget "CocktailsBuddy" */;
			buildPhases = (
				65D055FD2BFD030A00ED1379 /* Swiftlint */,
				657A42282BFCD55C00020DCD /* Resources */,
				657A42262BFCD55C00020DCD /* Sources */,
				657A42272BFCD55C00020DCD /* Frameworks */,
			);
			buildRules = (
			);
			dependencies = (
			);
			name = CocktailsBuddy;
			packageProductDependencies = (
				65AA51C22BFCFFF20097F697 /* Cocktails */,
				65AA51C42BFCFFF20097F697 /* Core */,
				65AA51C62BFCFFF20097F697 /* CoreUI */,
				65AA51C82BFCFFF20097F697 /* Networking */,
				65B919572BFFDD940065BC9D /* Kingfisher */,
				65F2BD6E2C00A2D2000CEF22 /* Dependencies */,
				65F2BD702C00A2D2000CEF22 /* DependenciesMacros */,
				65CD83BE2C05455300E18F29 /* RealmSwift */,
			);
			productName = CocktailsBuddy;
			productReference = 657A422A2BFCD55C00020DCD /* CocktailsBuddy.app */;
			productType = "com.apple.product-type.application";
		};
/* End PBXNativeTarget section */

/* Begin PBXProject section */
		657A42222BFCD55C00020DCD /* Project object */ = {
			isa = PBXProject;
			attributes = {
				BuildIndependentTargetsInParallel = 1;
				LastSwiftUpdateCheck = 1530;
				LastUpgradeCheck = 1530;
				TargetAttributes = {
					653EBAA02C0A52C30034A81A = {
						CreatedOnToolsVersion = 15.3;
						TestTargetID = 657A42292BFCD55C00020DCD;
					};
					657A42292BFCD55C00020DCD = {
						CreatedOnToolsVersion = 15.3;
						LastSwiftMigration = 1530;
					};
				};
			};
			buildConfigurationList = 657A42252BFCD55C00020DCD /* Build configuration list for PBXProject "CocktailsBuddy" */;
			compatibilityVersion = "Xcode 14.0";
			developmentRegion = en;
			hasScannedForEncodings = 0;
			knownRegions = (
				en,
				Base,
			);
			mainGroup = 657A42212BFCD55C00020DCD;
			packageReferences = (
				65B919562BFFDD940065BC9D /* XCRemoteSwiftPackageReference "Kingfisher" */,
				65F2BD6D2C00A2D2000CEF22 /* XCRemoteSwiftPackageReference "swift-dependencies" */,
				65CD83BD2C05455300E18F29 /* XCRemoteSwiftPackageReference "realm-swift" */,
			);
			productRefGroup = 657A422B2BFCD55C00020DCD /* Products */;
			projectDirPath = "";
			projectRoot = "";
			targets = (
				657A42292BFCD55C00020DCD /* CocktailsBuddy */,
				653EBAA02C0A52C30034A81A /* CocktailsBuddyUITests */,
			);
		};
/* End PBXProject section */

/* Begin PBXResourcesBuildPhase section */
		653EBA9F2C0A52C30034A81A /* Resources */ = {
			isa = PBXResourcesBuildPhase;
			buildActionMask = 2147483647;
			files = (
			);
			runOnlyForDeploymentPostprocessing = 0;
		};
		657A42282BFCD55C00020DCD /* Resources */ = {
			isa = PBXResourcesBuildPhase;
			buildActionMask = 2147483647;
			files = (
				657A42352BFCD55D00020DCD /* Preview Assets.xcassets in Resources */,
				657A42322BFCD55D00020DCD /* Assets.xcassets in Resources */,
				6504C7C72C072C7D0047AED4 /* Launch.storyboard in Resources */,
			);
			runOnlyForDeploymentPostprocessing = 0;
		};
/* End PBXResourcesBuildPhase section */

/* Begin PBXShellScriptBuildPhase section */
		65D055FD2BFD030A00ED1379 /* Swiftlint */ = {
			isa = PBXShellScriptBuildPhase;
			alwaysOutOfDate = 1;
			buildActionMask = 2147483647;
			files = (
			);
			inputFileListPaths = (
			);
			inputPaths = (
			);
			name = Swiftlint;
			outputFileListPaths = (
			);
			outputPaths = (
			);
			runOnlyForDeploymentPostprocessing = 0;
			shellPath = /bin/sh;
			shellScript = "export PATH=\"$PATH:/opt/homebrew/bin\"\nif which swiftlint > /dev/null; then\n    cd \"${SRCROOT}\"\n    swiftlint --strict\nelse\n    echo \"warning: SwiftLint not installed, install it by running:\"\n    echo \"brew install swiftlint\"\nfi\n";
		};
/* End PBXShellScriptBuildPhase section */

/* Begin PBXSourcesBuildPhase section */
		653EBA9D2C0A52C30034A81A /* Sources */ = {
			isa = PBXSourcesBuildPhase;
			buildActionMask = 2147483647;
			files = (
				653EBAA42C0A52C30034A81A /* CocktailsBuddyUITests.swift in Sources */,
				653EBAA62C0A52C30034A81A /* CocktailsBuddyUITestsLaunchTests.swift in Sources */,
			);
			runOnlyForDeploymentPostprocessing = 0;
		};
		657A42262BFCD55C00020DCD /* Sources */ = {
			isa = PBXSourcesBuildPhase;
			buildActionMask = 2147483647;
			files = (
				65B6C50B2C08EA9600BA4794 /* AppDelegate.swift in Sources */,
				65B6C50F2C08EBB000BA4794 /* MainCoordinator.swift in Sources */,
				65B6C50D2C08EA9C00BA4794 /* SceneDelegate.swift in Sources */,
			);
			runOnlyForDeploymentPostprocessing = 0;
		};
/* End PBXSourcesBuildPhase section */

/* Begin PBXTargetDependency section */
		653EBAA82C0A52C30034A81A /* PBXTargetDependency */ = {
			isa = PBXTargetDependency;
			target = 657A42292BFCD55C00020DCD /* CocktailsBuddy */;
			targetProxy = 653EBAA72C0A52C30034A81A /* PBXContainerItemProxy */;
		};
/* End PBXTargetDependency section */

/* Begin XCBuildConfiguration section */
		653EBAA92C0A52C30034A81A /* Debug */ = {
			isa = XCBuildConfiguration;
			buildSettings = {
				CODE_SIGN_STYLE = Automatic;
				CURRENT_PROJECT_VERSION = 1;
				DEVELOPMENT_TEAM = 4729CGQSC7;
				ENABLE_USER_SCRIPT_SANDBOXING = YES;
				GENERATE_INFOPLIST_FILE = YES;
				IPHONEOS_DEPLOYMENT_TARGET = 17.4;
				MARKETING_VERSION = 1.0;
				PRODUCT_BUNDLE_IDENTIFIER = com.antoniomarkotic.CocktailsBuddyUITests;
				PRODUCT_NAME = "$(TARGET_NAME)";
				SWIFT_EMIT_LOC_STRINGS = NO;
				SWIFT_VERSION = 5.0;
				TARGETED_DEVICE_FAMILY = "1,2";
				TEST_TARGET_NAME = CocktailsBuddy;
			};
			name = Debug;
		};
		653EBAAA2C0A52C30034A81A /* Release */ = {
			isa = XCBuildConfiguration;
			buildSettings = {
				CODE_SIGN_STYLE = Automatic;
				CURRENT_PROJECT_VERSION = 1;
				DEVELOPMENT_TEAM = 4729CGQSC7;
				ENABLE_USER_SCRIPT_SANDBOXING = YES;
				GENERATE_INFOPLIST_FILE = YES;
				IPHONEOS_DEPLOYMENT_TARGET = 17.4;
				MARKETING_VERSION = 1.0;
				PRODUCT_BUNDLE_IDENTIFIER = com.antoniomarkotic.CocktailsBuddyUITests;
				PRODUCT_NAME = "$(TARGET_NAME)";
				SWIFT_EMIT_LOC_STRINGS = NO;
				SWIFT_VERSION = 5.0;
				TARGETED_DEVICE_FAMILY = "1,2";
				TEST_TARGET_NAME = CocktailsBuddy;
			};
			name = Release;
		};
		657A424C2BFCD55D00020DCD /* Debug */ = {
			isa = XCBuildConfiguration;
			buildSettings = {
				ALWAYS_EMBED_SWIFT_STANDARD_LIBRARIES = YES;
				ALWAYS_SEARCH_USER_PATHS = NO;
				ASSETCATALOG_COMPILER_GENERATE_SWIFT_ASSET_SYMBOL_EXTENSIONS = YES;
				CLANG_ANALYZER_NONNULL = YES;
				CLANG_ANALYZER_NUMBER_OBJECT_CONVERSION = YES_AGGRESSIVE;
				CLANG_CXX_LANGUAGE_STANDARD = "gnu++20";
				CLANG_ENABLE_MODULES = YES;
				CLANG_ENABLE_OBJC_ARC = YES;
				CLANG_ENABLE_OBJC_WEAK = YES;
				CLANG_WARN_BLOCK_CAPTURE_AUTORELEASING = YES;
				CLANG_WARN_BOOL_CONVERSION = YES;
				CLANG_WARN_COMMA = YES;
				CLANG_WARN_CONSTANT_CONVERSION = YES;
				CLANG_WARN_DEPRECATED_OBJC_IMPLEMENTATIONS = YES;
				CLANG_WARN_DIRECT_OBJC_ISA_USAGE = YES_ERROR;
				CLANG_WARN_DOCUMENTATION_COMMENTS = YES;
				CLANG_WARN_EMPTY_BODY = YES;
				CLANG_WARN_ENUM_CONVERSION = YES;
				CLANG_WARN_INFINITE_RECURSION = YES;
				CLANG_WARN_INT_CONVERSION = YES;
				CLANG_WARN_NON_LITERAL_NULL_CONVERSION = YES;
				CLANG_WARN_OBJC_IMPLICIT_RETAIN_SELF = YES;
				CLANG_WARN_OBJC_LITERAL_CONVERSION = YES;
				CLANG_WARN_OBJC_ROOT_CLASS = YES_ERROR;
				CLANG_WARN_QUOTED_INCLUDE_IN_FRAMEWORK_HEADER = YES;
				CLANG_WARN_RANGE_LOOP_ANALYSIS = YES;
				CLANG_WARN_STRICT_PROTOTYPES = YES;
				CLANG_WARN_SUSPICIOUS_MOVE = YES;
				CLANG_WARN_UNGUARDED_AVAILABILITY = YES_AGGRESSIVE;
				CLANG_WARN_UNREACHABLE_CODE = YES;
				CLANG_WARN__DUPLICATE_METHOD_MATCH = YES;
				COPY_PHASE_STRIP = NO;
				DEBUG_INFORMATION_FORMAT = dwarf;
				ENABLE_STRICT_OBJC_MSGSEND = YES;
				ENABLE_TESTABILITY = YES;
				ENABLE_TESTING_SEARCH_PATHS = YES;
				ENABLE_USER_SCRIPT_SANDBOXING = NO;
				GCC_C_LANGUAGE_STANDARD = gnu17;
				GCC_DYNAMIC_NO_PIC = NO;
				GCC_NO_COMMON_BLOCKS = YES;
				GCC_OPTIMIZATION_LEVEL = 0;
				GCC_PREPROCESSOR_DEFINITIONS = (
					"DEBUG=1",
					"$(inherited)",
				);
				GCC_WARN_64_TO_32_BIT_CONVERSION = YES;
				GCC_WARN_ABOUT_RETURN_TYPE = YES_ERROR;
				GCC_WARN_UNDECLARED_SELECTOR = YES;
				GCC_WARN_UNINITIALIZED_AUTOS = YES_AGGRESSIVE;
				GCC_WARN_UNUSED_FUNCTION = YES;
				GCC_WARN_UNUSED_VARIABLE = YES;
				IPHONEOS_DEPLOYMENT_TARGET = 17.0;
				LOCALIZATION_PREFERS_STRING_CATALOGS = YES;
				MTL_ENABLE_DEBUG_INFO = INCLUDE_SOURCE;
				MTL_FAST_MATH = YES;
				ONLY_ACTIVE_ARCH = YES;
				SDKROOT = iphoneos;
				SWIFT_ACTIVE_COMPILATION_CONDITIONS = "DEBUG $(inherited)";
				SWIFT_OPTIMIZATION_LEVEL = "-Onone";
			};
			name = Debug;
		};
		657A424D2BFCD55D00020DCD /* Release */ = {
			isa = XCBuildConfiguration;
			buildSettings = {
				ALWAYS_EMBED_SWIFT_STANDARD_LIBRARIES = YES;
				ALWAYS_SEARCH_USER_PATHS = NO;
				ASSETCATALOG_COMPILER_GENERATE_SWIFT_ASSET_SYMBOL_EXTENSIONS = YES;
				CLANG_ANALYZER_NONNULL = YES;
				CLANG_ANALYZER_NUMBER_OBJECT_CONVERSION = YES_AGGRESSIVE;
				CLANG_CXX_LANGUAGE_STANDARD = "gnu++20";
				CLANG_ENABLE_MODULES = YES;
				CLANG_ENABLE_OBJC_ARC = YES;
				CLANG_ENABLE_OBJC_WEAK = YES;
				CLANG_WARN_BLOCK_CAPTURE_AUTORELEASING = YES;
				CLANG_WARN_BOOL_CONVERSION = YES;
				CLANG_WARN_COMMA = YES;
				CLANG_WARN_CONSTANT_CONVERSION = YES;
				CLANG_WARN_DEPRECATED_OBJC_IMPLEMENTATIONS = YES;
				CLANG_WARN_DIRECT_OBJC_ISA_USAGE = YES_ERROR;
				CLANG_WARN_DOCUMENTATION_COMMENTS = YES;
				CLANG_WARN_EMPTY_BODY = YES;
				CLANG_WARN_ENUM_CONVERSION = YES;
				CLANG_WARN_INFINITE_RECURSION = YES;
				CLANG_WARN_INT_CONVERSION = YES;
				CLANG_WARN_NON_LITERAL_NULL_CONVERSION = YES;
				CLANG_WARN_OBJC_IMPLICIT_RETAIN_SELF = YES;
				CLANG_WARN_OBJC_LITERAL_CONVERSION = YES;
				CLANG_WARN_OBJC_ROOT_CLASS = YES_ERROR;
				CLANG_WARN_QUOTED_INCLUDE_IN_FRAMEWORK_HEADER = YES;
				CLANG_WARN_RANGE_LOOP_ANALYSIS = YES;
				CLANG_WARN_STRICT_PROTOTYPES = YES;
				CLANG_WARN_SUSPICIOUS_MOVE = YES;
				CLANG_WARN_UNGUARDED_AVAILABILITY = YES_AGGRESSIVE;
				CLANG_WARN_UNREACHABLE_CODE = YES;
				CLANG_WARN__DUPLICATE_METHOD_MATCH = YES;
				COPY_PHASE_STRIP = NO;
				DEBUG_INFORMATION_FORMAT = "dwarf-with-dsym";
				ENABLE_NS_ASSERTIONS = NO;
				ENABLE_STRICT_OBJC_MSGSEND = YES;
				ENABLE_TESTING_SEARCH_PATHS = YES;
				ENABLE_USER_SCRIPT_SANDBOXING = NO;
				GCC_C_LANGUAGE_STANDARD = gnu17;
				GCC_NO_COMMON_BLOCKS = YES;
				GCC_WARN_64_TO_32_BIT_CONVERSION = YES;
				GCC_WARN_ABOUT_RETURN_TYPE = YES_ERROR;
				GCC_WARN_UNDECLARED_SELECTOR = YES;
				GCC_WARN_UNINITIALIZED_AUTOS = YES_AGGRESSIVE;
				GCC_WARN_UNUSED_FUNCTION = YES;
				GCC_WARN_UNUSED_VARIABLE = YES;
				IPHONEOS_DEPLOYMENT_TARGET = 17.0;
				LOCALIZATION_PREFERS_STRING_CATALOGS = YES;
				MTL_ENABLE_DEBUG_INFO = NO;
				MTL_FAST_MATH = YES;
				SDKROOT = iphoneos;
				SWIFT_COMPILATION_MODE = wholemodule;
				VALIDATE_PRODUCT = YES;
			};
			name = Release;
		};
		657A424F2BFCD55D00020DCD /* Debug */ = {
			isa = XCBuildConfiguration;
			buildSettings = {
				ALWAYS_EMBED_SWIFT_STANDARD_LIBRARIES = YES;
				ASSETCATALOG_COMPILER_APPICON_NAME = AppIcon;
				ASSETCATALOG_COMPILER_GLOBAL_ACCENT_COLOR_NAME = AccentColor;
				CLANG_ENABLE_MODULES = YES;
				CODE_SIGN_STYLE = Automatic;
				CURRENT_PROJECT_VERSION = 1;
				DEVELOPMENT_ASSET_PATHS = "\"CocktailsBuddy/Preview Content\"";
				DEVELOPMENT_TEAM = 4729CGQSC7;
				ENABLE_PREVIEWS = YES;
				ENABLE_TESTING_SEARCH_PATHS = YES;
				GENERATE_INFOPLIST_FILE = YES;
				INFOPLIST_FILE = CocktailsBuddy/Info.plist;
				INFOPLIST_KEY_LSApplicationCategoryType = "";
				INFOPLIST_KEY_UIApplicationSupportsIndirectInputEvents = YES;
				INFOPLIST_KEY_UILaunchScreen_Generation = YES;
				INFOPLIST_KEY_UILaunchStoryboardName = Launch.storyboard;
				INFOPLIST_KEY_UISupportedInterfaceOrientations_iPad = "UIInterfaceOrientationPortrait UIInterfaceOrientationPortraitUpsideDown UIInterfaceOrientationLandscapeLeft UIInterfaceOrientationLandscapeRight";
				INFOPLIST_KEY_UISupportedInterfaceOrientations_iPhone = "UIInterfaceOrientationPortrait UIInterfaceOrientationLandscapeLeft UIInterfaceOrientationLandscapeRight";
				IPHONEOS_DEPLOYMENT_TARGET = 17.0;
				LD_RUNPATH_SEARCH_PATHS = (
					"$(inherited)",
					"@executable_path/Frameworks",
				);
				MARKETING_VERSION = 1.0;
				PRODUCT_BUNDLE_IDENTIFIER = com.antoniomarkotic.CocktailsBuddy;
				PRODUCT_NAME = "$(TARGET_NAME)";
				SWIFT_EMIT_LOC_STRINGS = YES;
				SWIFT_OPTIMIZATION_LEVEL = "-Onone";
				SWIFT_VERSION = 5.0;
				TARGETED_DEVICE_FAMILY = "1,2";
			};
			name = Debug;
		};
		657A42502BFCD55D00020DCD /* Release */ = {
			isa = XCBuildConfiguration;
			buildSettings = {
				ALWAYS_EMBED_SWIFT_STANDARD_LIBRARIES = YES;
				ASSETCATALOG_COMPILER_APPICON_NAME = AppIcon;
				ASSETCATALOG_COMPILER_GLOBAL_ACCENT_COLOR_NAME = AccentColor;
				CLANG_ENABLE_MODULES = YES;
				CODE_SIGN_STYLE = Automatic;
				CURRENT_PROJECT_VERSION = 1;
				DEVELOPMENT_ASSET_PATHS = "\"CocktailsBuddy/Preview Content\"";
				DEVELOPMENT_TEAM = 4729CGQSC7;
				ENABLE_PREVIEWS = YES;
				ENABLE_TESTING_SEARCH_PATHS = YES;
				GENERATE_INFOPLIST_FILE = YES;
				INFOPLIST_FILE = CocktailsBuddy/Info.plist;
				INFOPLIST_KEY_LSApplicationCategoryType = "";
				INFOPLIST_KEY_UIApplicationSupportsIndirectInputEvents = YES;
				INFOPLIST_KEY_UILaunchScreen_Generation = YES;
				INFOPLIST_KEY_UILaunchStoryboardName = Launch.storyboard;
				INFOPLIST_KEY_UISupportedInterfaceOrientations_iPad = "UIInterfaceOrientationPortrait UIInterfaceOrientationPortraitUpsideDown UIInterfaceOrientationLandscapeLeft UIInterfaceOrientationLandscapeRight";
				INFOPLIST_KEY_UISupportedInterfaceOrientations_iPhone = "UIInterfaceOrientationPortrait UIInterfaceOrientationLandscapeLeft UIInterfaceOrientationLandscapeRight";
				IPHONEOS_DEPLOYMENT_TARGET = 17.0;
				LD_RUNPATH_SEARCH_PATHS = (
					"$(inherited)",
					"@executable_path/Frameworks",
				);
				MARKETING_VERSION = 1.0;
				PRODUCT_BUNDLE_IDENTIFIER = com.antoniomarkotic.CocktailsBuddy;
				PRODUCT_NAME = "$(TARGET_NAME)";
				SWIFT_EMIT_LOC_STRINGS = YES;
				SWIFT_VERSION = 5.0;
				TARGETED_DEVICE_FAMILY = "1,2";
			};
			name = Release;
		};
/* End XCBuildConfiguration section */

/* Begin XCConfigurationList section */
		653EBAAB2C0A52C30034A81A /* Build configuration list for PBXNativeTarget "CocktailsBuddyUITests" */ = {
			isa = XCConfigurationList;
			buildConfigurations = (
				653EBAA92C0A52C30034A81A /* Debug */,
				653EBAAA2C0A52C30034A81A /* Release */,
			);
			defaultConfigurationIsVisible = 0;
			defaultConfigurationName = Release;
		};
		657A42252BFCD55C00020DCD /* Build configuration list for PBXProject "CocktailsBuddy" */ = {
			isa = XCConfigurationList;
			buildConfigurations = (
				657A424C2BFCD55D00020DCD /* Debug */,
				657A424D2BFCD55D00020DCD /* Release */,
			);
			defaultConfigurationIsVisible = 0;
			defaultConfigurationName = Release;
		};
		657A424E2BFCD55D00020DCD /* Build configuration list for PBXNativeTarget "CocktailsBuddy" */ = {
			isa = XCConfigurationList;
			buildConfigurations = (
				657A424F2BFCD55D00020DCD /* Debug */,
				657A42502BFCD55D00020DCD /* Release */,
			);
			defaultConfigurationIsVisible = 0;
			defaultConfigurationName = Release;
		};
/* End XCConfigurationList section */

/* Begin XCRemoteSwiftPackageReference section */
		65B919562BFFDD940065BC9D /* XCRemoteSwiftPackageReference "Kingfisher" */ = {
			isa = XCRemoteSwiftPackageReference;
			repositoryURL = "https://github.com/onevcat/Kingfisher";
			requirement = {
				kind = exactVersion;
				version = 7.11.0;
			};
		};
		65CD83BD2C05455300E18F29 /* XCRemoteSwiftPackageReference "realm-swift" */ = {
			isa = XCRemoteSwiftPackageReference;
			repositoryURL = "https://github.com/realm/realm-swift";
			requirement = {
				kind = exactVersion;
				version = 10.49.2;
			};
		};
		65F2BD6D2C00A2D2000CEF22 /* XCRemoteSwiftPackageReference "swift-dependencies" */ = {
			isa = XCRemoteSwiftPackageReference;
			repositoryURL = "https://github.com/pointfreeco/swift-dependencies";
			requirement = {
				kind = exactVersion;
				version = 1.3.0;
			};
		};
/* End XCRemoteSwiftPackageReference section */

/* Begin XCSwiftPackageProductDependency section */
		65AA51C22BFCFFF20097F697 /* Cocktails */ = {
			isa = XCSwiftPackageProductDependency;
			productName = Cocktails;
		};
		65AA51C42BFCFFF20097F697 /* Core */ = {
			isa = XCSwiftPackageProductDependency;
			productName = Core;
		};
		65AA51C62BFCFFF20097F697 /* CoreUI */ = {
			isa = XCSwiftPackageProductDependency;
			productName = CoreUI;
		};
		65AA51C82BFCFFF20097F697 /* Networking */ = {
			isa = XCSwiftPackageProductDependency;
			productName = Networking;
		};
		65B919572BFFDD940065BC9D /* Kingfisher */ = {
			isa = XCSwiftPackageProductDependency;
			package = 65B919562BFFDD940065BC9D /* XCRemoteSwiftPackageReference "Kingfisher" */;
			productName = Kingfisher;
		};
		65CD83BE2C05455300E18F29 /* RealmSwift */ = {
			isa = XCSwiftPackageProductDependency;
			package = 65CD83BD2C05455300E18F29 /* XCRemoteSwiftPackageReference "realm-swift" */;
			productName = RealmSwift;
		};
		65F2BD6E2C00A2D2000CEF22 /* Dependencies */ = {
			isa = XCSwiftPackageProductDependency;
			package = 65F2BD6D2C00A2D2000CEF22 /* XCRemoteSwiftPackageReference "swift-dependencies" */;
			productName = Dependencies;
		};
		65F2BD702C00A2D2000CEF22 /* DependenciesMacros */ = {
			isa = XCSwiftPackageProductDependency;
			package = 65F2BD6D2C00A2D2000CEF22 /* XCRemoteSwiftPackageReference "swift-dependencies" */;
			productName = DependenciesMacros;
		};
/* End XCSwiftPackageProductDependency section */
	};
	rootObject = 657A42222BFCD55C00020DCD /* Project object */;
}
